lockfileVersion: '9.0'

settings:
  autoInstallPeers: true
  excludeLinksFromLockfile: false

importers:

  .:
    dependencies:
      jieba-wasm:
        specifier: ^2.4.0
        version: 2.4.0
      ts-node:
        specifier: ^10.9.2
        version: 10.9.2(@swc/core@1.15.24)(@types/node@20.19.39)(typescript@6.0.2)

  product/novel:
    dependencies:
      '@emptyinkpot/database-gateway-generated-client':
        specifier: file:../../vendor/database-artifacts/emptyinkpot-database-gateway-generated-client-0.1.0.tgz
        version: file:vendor/database-artifacts/emptyinkpot-database-gateway-generated-client-0.1.0.tgz
    devDependencies:
      '@types/node':
        specifier: ^20.19.39
        version: 20.19.39
      typescript:
        specifier: ^6.0.2
        version: 6.0.2

packages:

  '@cspotcode/source-map-support@0.8.1':
    resolution: {integrity: sha512-IchNf6dN4tHoMFIn/7OE8LWZ19Y6q/67Bmf6vnGREv8RSbBVb9LPJxEcnwrcwX6ixSvaiGoomAUvu4YSxXrVgw==}
    engines: {node: '>=12'}

  '@emptyinkpot/database-gateway-generated-client@file:vendor/database-artifacts/emptyinkpot-database-gateway-generated-client-0.1.0.tgz':
    resolution: {integrity: sha512-7W52fEub49wMkQovwHu37dL0FQNqywAf1f+ynjGJQRlKsqPS5Drs8d4mNAS5ZL871VlVqHCrwpSeXry3866WfQ==, tarball: file:vendor/database-artifacts/emptyinkpot-database-gateway-generated-client-0.1.0.tgz}
    version: 0.1.0

  '@jridgewell/resolve-uri@3.1.2':
    resolution: {integrity: sha512-bRISgCIjP20/tbWSPWMEi54QVPRZExkuD9lJL+UIxUKtwVJA8wW1Trb1jMs1RFXo1CBTNZ/5hpC9QvmKWdopKw==}
    engines: {node: '>=6.0.0'}

  '@jridgewell/sourcemap-codec@1.5.5':
    resolution: {integrity: sha512-cYQ9310grqxueWbl+WuIUIaiUaDcj7WOq5fVhEljNVgRfOUhY9fy2zTvfoqWsnebh8Sl70VScFbICvJnLKB0Og==}

  '@jridgewell/trace-mapping@0.3.9':
    resolution: {integrity: sha512-3Belt6tdc8bPgAtbcmdtNJlirVoTmEb5e2gC94PnkwEW9jI6CAHUeoG85tjWP5WquqfavoMtMwiG4P926ZKKuQ==}

  '@swc/core-darwin-arm64@1.15.24':
    resolution: {integrity: sha512-uM5ZGfFXjtvtJ+fe448PVBEbn/CSxS3UAyLj3O9xOqKIWy3S6hPTXSPbszxkSsGDYKi+YFhzAsR4r/eXLxEQ0g==}
    engines: {node: '>=10'}
    cpu: [arm64]
    os: [darwin]

  '@swc/core-darwin-x64@1.15.24':
    resolution: {integrity: sha512-fMIb/Zfn929pw25VMBhV7Ji2Dl+lCWtUPNdYJQYOke+00E5fcQ9ynxtP8+qhUo/HZc+mYQb1gJxwHM9vty+lXg==}
    engines: {node: '>=10'}
    cpu: [x64]
    os: [darwin]

  '@swc/core-linux-arm-gnueabihf@1.15.24':
    resolution: {integrity: sha512-vOkjsyjjxnoYx3hMEWcGxQrMgnNrRm6WAegBXrN8foHtDAR+zpdhpGF5a4lj1bNPgXAvmysjui8cM1ov/Clkaw==}
    engines: {node: '>=10'}
    cpu: [arm]
    os: [linux]

  '@swc/core-linux-arm64-gnu@1.15.24':
    resolution: {integrity: sha512-h/oNu+upkXJ6Cicnq7YGVj9PkdfarLCdQa8l/FlHYvfv8CEiMaeeTnpLU7gSBH/rGxosM6Qkfa/J9mThGF9CLA==}
    engines: {node: '>=10'}
    cpu: [arm64]
    os: [linux]
    libc: [glibc]

  '@swc/core-linux-arm64-musl@1.15.24':
    resolution: {integrity: sha512-ZpF/pRe1guk6sKzQI9D1jAORtjTdNlyeXn9GDz8ophof/w2WhojRblvSDJaGe7rJjcPN8AaOkhwdRUh7q8oYIg==}
    engines: {node: '>=10'}
    cpu: [arm64]
    os: [linux]
    libc: [musl]

  '@swc/core-linux-ppc64-gnu@1.15.24':
    resolution: {integrity: sha512-QZEsZfisHTSJlmyChgDFNmKPb3W6Lhbfo/O76HhIngfEdnQNmukS38/VSe1feho+xkV5A5hETyCbx3sALBZKAQ==}
    engines: {node: '>=10'}
    cpu: [ppc64]
    os: [linux]
    libc: [glibc]

  '@swc/core-linux-s390x-gnu@1.15.24':
    resolution: {integrity: sha512-DLdJKVsJgglqQrJBuoUYNmzm3leI7kUZhLbZGHv42onfKsGf6JDS3+bzCUQfte/XOqDjh/tmmn1DR/CF/tCJFw==}
    engines: {node: '>=10'}
    cpu: [s390x]
    os: [linux]
    libc: [glibc]

  '@swc/core-linux-x64-gnu@1.15.24':
    resolution: {integrity: sha512-IpLYfposPA/XLxYOKpRfeccl1p5dDa3+okZDHHTchBkXEaVCnq5MADPmIWwIYj1tudt7hORsEHccG5no6IUQRw==}
    engines: {node: '>=10'}
    cpu: [x64]
    os: [linux]
    libc: [glibc]

  '@swc/core-linux-x64-musl@1.15.24':
    resolution: {integrity: sha512-JHy3fMSc0t/EPWgo74+OK5TGr51aElnzqfUPaiRf2qJ/BfX5CUCfMiWVBuhI7qmVMBnk1jTRnL/xZnOSHDPLYg==}
    engines: {node: '>=10'}
    cpu: [x64]
    os: [linux]
    libc: [musl]

  '@swc/core-win32-arm64-msvc@1.15.24':
    resolution: {integrity: sha512-Txj+qUH1z2bUd1P3JvwByfjKFti3cptlAxhWgmunBUUxy/IW3CXLZ6l6Gk4liANadKkU71nIU1X30Z5vpMT3BA==}
    engines: {node: '>=10'}
    cpu: [arm64]
    os: [win32]

  '@swc/core-win32-ia32-msvc@1.15.24':
    resolution: {integrity: sha512-15D/nl3XwrhFpMv+MADFOiVwv3FvH9j8c6Rf8EXBT3Q5LoMh8YnDnSgPYqw1JzPnksvsBX6QPXLiPqmcR/Z4qQ==}
    engines: {node: '>=10'}
    cpu: [ia32]
    os: [win32]

  '@swc/core-win32-x64-msvc@1.15.24':
    resolution: {integrity: sha512-PR0PlTlPra2JbaDphrOAzm6s0v9rA0F17YzB+XbWD95B4g2cWcZY9LAeTa4xll70VLw9Jr7xBrlohqlQmelMFQ==}
    engines: {node: '>=10'}
    cpu: [x64]
    os: [win32]

  '@swc/core@1.15.24':
    resolution: {integrity: sha512-5Hj8aNasue7yusUt8LGCUe/AjM7RMAce8ZoyDyiFwx7Al+GbYKL+yE7g4sJk8vEr1dKIkTRARkNIJENc4CjkBQ==}
    engines: {node: '>=10'}
    peerDependencies:
      '@swc/helpers': '>=0.5.17'
    peerDependenciesMeta:
      '@swc/helpers':
        optional: true

  '@swc/counter@0.1.3':
    resolution: {integrity: sha512-e2BR4lsJkkRlKZ/qCHPw9ZaSxc0MVUd7gtbtaB7aMvHeJVYe8sOB8DBZkP2DtISHGSku9sCK6T6cnY0CtXrOCQ==}

  '@swc/types@0.1.26':
    resolution: {integrity: sha512-lyMwd7WGgG79RS7EERZV3T8wMdmPq3xwyg+1nmAM64kIhx5yl+juO2PYIHb7vTiPgPCj8LYjsNV2T5wiQHUEaw==}

  '@tsconfig/node10@1.0.12':
    resolution: {integrity: sha512-UCYBaeFvM11aU2y3YPZ//O5Rhj+xKyzy7mvcIoAjASbigy8mHMryP5cK7dgjlz2hWxh1g5pLw084E0a/wlUSFQ==}

  '@tsconfig/node12@1.0.11':
    resolution: {integrity: sha512-cqefuRsh12pWyGsIoBKJA9luFu3mRxCA+ORZvA4ktLSzIuCUtWVxGIuXigEwO5/ywWFMZ2QEGKWvkZG1zDMTag==}

  '@tsconfig/node14@1.0.3':
    resolution: {integrity: sha512-ysT8mhdixWK6Hw3i1V2AeRqZ5WfXg1G43mqoYlM2nc6388Fq5jcXyr5mRsqViLx/GJYdoL0bfXD8nmF+Zn/Iow==}

  '@tsconfig/node16@1.0.4':
    resolution: {integrity: sha512-vxhUy4J8lyeyinH7Azl1pdd43GJhZH/tP2weN8TntQblOY+A0XbT8DJk1/oCPuOOyg/Ja757rG0CgHcWC8OfMA==}

  '@types/node@20.19.39':
    resolution: {integrity: sha512-orrrD74MBUyK8jOAD/r0+lfa1I2MO6I+vAkmAWzMYbCcgrN4lCrmK52gRFQq/JRxfYPfonkr4b0jcY7Olqdqbw==}

  acorn-walk@8.3.5:
    resolution: {integrity: sha512-HEHNfbars9v4pgpW6SO1KSPkfoS0xVOM/9UzkJltjlsHZmJasxg8aXkuZa7SMf8vKGIBhpUsPluQSqhJFCqebw==}
    engines: {node: '>=0.4.0'}

  acorn@8.16.0:
    resolution: {integrity: sha512-UVJyE9MttOsBQIDKw1skb9nAwQuR5wuGD3+82K6JgJlm/Y+KI92oNsMNGZCYdDsVtRHSak0pcV5Dno5+4jh9sw==}
    engines: {node: '>=0.4.0'}
    hasBin: true

  arg@4.1.3:
    resolution: {integrity: sha512-58S9QDqG0Xx27YwPSt9fJxivjYl432YCwfDMfZ+71RAqUrZef7LrKQZ3LHLOwCS4FLNBplP533Zx895SeOCHvA==}

  create-require@1.1.1:
    resolution: {integrity: sha512-dcKFX3jn0MpIaXjisoRvexIJVEKzaq7z2rZKxf+MSr9TkdmHmsU4m2lcLojrj/FHl8mk5VxMmYA+ftRkP/3oKQ==}

  diff@4.0.4:
    resolution: {integrity: sha512-X07nttJQkwkfKfvTPG/KSnE2OMdcUCao6+eXF3wmnIQRn2aPAHH3VxDbDOdegkd6JbPsXqShpvEOHfAT+nCNwQ==}
    engines: {node: '>=0.3.1'}

  jieba-wasm@2.4.0:
    resolution: {integrity: sha512-ZvQdS+FGifrFXZIXSgOyOgEz+1wdy1P4vSvwe37FVtku9ycSdHTZbHqF5i9tMN1JucoAmeiLBeI6/YaqcGD+KA==}

  make-error@1.3.6:
    resolution: {integrity: sha512-s8UhlNe7vPKomQhC1qFelMokr/Sc3AgNbso3n74mVPA5LTZwkB9NlXf4XPamLxJE8h0gh73rM94xvwRT2CVInw==}

  ts-node@10.9.2:
    resolution: {integrity: sha512-f0FFpIdcHgn8zcPSbf1dRevwt047YMnaiJM3u2w2RewrB+fob/zePZcrOyQoLMMO7aBIddLcQIEK5dYjkLnGrQ==}
    hasBin: true
    peerDependencies:
      '@swc/core': '>=1.2.50'
      '@swc/wasm': '>=1.2.50'
      '@types/node': '*'
      typescript: '>=2.7'
    peerDependenciesMeta:
      '@swc/core':
        optional: true
      '@swc/wasm':
        optional: true

  typescript@6.0.2:
    resolution: {integrity: sha512-bGdAIrZ0wiGDo5l8c++HWtbaNCWTS4UTv7RaTH/ThVIgjkveJt83m74bBHMJkuCbslY8ixgLBVZJIOiQlQTjfQ==}
    engines: {node: '>=14.17'}
    hasBin: true

  undici-types@6.21.0:
    resolution: {integrity: sha512-iwDZqg0QAGrg9Rav5H4n0M64c3mkR59cJ6wQp+7C4nI0gsmExaedaYLNO44eT4AtBBwjbTiGPMlt2Md0T9H9JQ==}

  v8-compile-cache-lib@3.0.1:
    resolution: {integrity: sha512-wa7YjyUGfNZngI/vtK0UHAN+lgDCxBPCylVXGp0zu59Fz5aiGtNXaq3DhIov063MorB+VfufLh3JlF2KdTK3xg==}

  yn@3.1.1:
    resolution: {integrity: sha512-Ux4ygGWsu2c7isFWe8Yu1YluJmqVhxqK2cLXNQA5AcC3QfbGNpM7fu0Y8b/z16pXLnFxZYvWhd3fhBY9DLmC6Q==}
    engines: {node: '>=6'}

snapshots:

  '@cspotcode/source-map-support@0.8.1':
    dependencies:
      '@jridgewell/trace-mapping': 0.3.9

  '@emptyinkpot/database-gateway-generated-client@file:vendor/database-artifacts/emptyinkpot-database-gateway-generated-client-0.1.0.tgz': {}

  '@jridgewell/resolve-uri@3.1.2': {}

  '@jridgewell/sourcemap-codec@1.5.5': {}

  '@jridgewell/trace-mapping@0.3.9':
    dependencies:
      '@jridgewell/resolve-uri': 3.1.2
      '@jridgewell/sourcemap-codec': 1.5.5

  '@swc/core-darwin-arm64@1.15.24':
    optional: true

  '@swc/core-darwin-x64@1.15.24':
    optional: true

  '@swc/core-linux-arm-gnueabihf@1.15.24':
    optional: true

  '@swc/core-linux-arm64-gnu@1.15.24':
    optional: true

  '@swc/core-linux-arm64-musl@1.15.24':
    optional: true

  '@swc/core-linux-ppc64-gnu@1.15.24':
    optional: true

  '@swc/core-linux-s390x-gnu@1.15.24':
    optional: true

  '@swc/core-linux-x64-gnu@1.15.24':
    optional: true

  '@swc/core-linux-x64-musl@1.15.24':
    optional: true

  '@swc/core-win32-arm64-msvc@1.15.24':
    optional: true

  '@swc/core-win32-ia32-msvc@1.15.24':
    optional: true

  '@swc/core-win32-x64-msvc@1.15.24':
    optional: true

  '@swc/core@1.15.24':
    dependencies:
      '@swc/counter': 0.1.3
      '@swc/types': 0.1.26
    optionalDependencies:
      '@swc/core-darwin-arm64': 1.15.24
      '@swc/core-darwin-x64': 1.15.24
      '@swc/core-linux-arm-gnueabihf': 1.15.24
      '@swc/core-linux-arm64-gnu': 1.15.24
      '@swc/core-linux-arm64-musl': 1.15.24
      '@swc/core-linux-ppc64-gnu': 1.15.24
      '@swc/core-linux-s390x-gnu': 1.15.24
      '@swc/core-linux-x64-gnu': 1.15.24
      '@swc/core-linux-x64-musl': 1.15.24
      '@swc/core-win32-arm64-msvc': 1.15.24
      '@swc/core-win32-ia32-msvc': 1.15.24
      '@swc/core-win32-x64-msvc': 1.15.24
    optional: true

  '@swc/counter@0.1.3':
    optional: true

  '@swc/types@0.1.26':
    dependencies:
      '@swc/counter': 0.1.3
    optional: true

  '@tsconfig/node10@1.0.12': {}

  '@tsconfig/node12@1.0.11': {}

  '@tsconfig/node14@1.0.3': {}

  '@tsconfig/node16@1.0.4': {}

  '@types/node@20.19.39':
    dependencies:
      undici-types: 6.21.0

  acorn-walk@8.3.5:
    dependencies:
      acorn: 8.16.0

  acorn@8.16.0: {}

  arg@4.1.3: {}

  create-require@1.1.1: {}

  diff@4.0.4: {}

  jieba-wasm@2.4.0: {}

  make-error@1.3.6: {}

  ts-node@10.9.2(@swc/core@1.15.24)(@types/node@20.19.39)(typescript@6.0.2):
    dependencies:
      '@cspotcode/source-map-support': 0.8.1
      '@tsconfig/node10': 1.0.12
      '@tsconfig/node12': 1.0.11
      '@tsconfig/node14': 1.0.3
      '@tsconfig/node16': 1.0.4
      '@types/node': 20.19.39
      acorn: 8.16.0
      acorn-walk: 8.3.5
      arg: 4.1.3
      create-require: 1.1.1
      diff: 4.0.4
      make-error: 1.3.6
      typescript: 6.0.2
      v8-compile-cache-lib: 3.0.1
      yn: 3.1.1
    optionalDependencies:
      '@swc/core': 1.15.24

  typescript@6.0.2: {}

  undici-types@6.21.0: {}

  v8-compile-cache-lib@3.0.1: {}

  yn@3.1.1: {}
